
Microsoft Visual Studio Solution File, Format Version 12.00
# Visual Studio Version 16
Project("{8BC9CEB8-8B4A-11D0-8D11-00A0C91BC942}") = "ALL_BUILD", "ALL_BUILD.vcxproj", "{B7CA3874-159D-38E0-A179-B26576BB755B}"
	ProjectSection(ProjectDependencies) = postProject
		{D6BA5EF8-A5B6-3B39-BC89-F8F49E5036C3} = {D6BA5EF8-A5B6-3B39-BC89-F8F49E5036C3}
		{873344D9-4278-3302-AB7D-21811E262806} = {873344D9-4278-3302-AB7D-21811E262806}
		{787BE0C4-D08C-3776-97DA-99B61E9FF76D} = {787BE0C4-D08C-3776-97DA-99B61E9FF76D}
		{805BC5AC-BD47-3B84-9626-985840B95946} = {805BC5AC-BD47-3B84-9626-985840B95946}
		{B45A435A-49FE-3002-B55F-86CD221BD8F7} = {B45A435A-49FE-3002-B55F-86CD221BD8F7}
		{52929065-43E0-3376-86A9-D1D96937DD13} = {52929065-43E0-3376-86A9-D1D96937DD13}
		{5872D9E5-C449-327A-B090-512AC5600088} = {5872D9E5-C449-327A-B090-512AC5600088}
		{ADFD8CBB-4D55-3E0A-BF05-15E709F9EE42} = {ADFD8CBB-4D55-3E0A-BF05-15E709F9EE42}
		{69CF59BE-18F6-392E-8BA6-ACEA7772BB63} = {69CF59BE-18F6-392E-8BA6-ACEA7772BB63}
		{89F97BE0-A4E6-367A-AFD0-0EF84A69A8CE} = {89F97BE0-A4E6-367A-AFD0-0EF84A69A8CE}
	EndProjectSection
EndProject
Project("{8BC9CEB8-8B4A-11D0-8D11-00A0C91BC942}") = "Continuous", "Continuous.vcxproj", "{2CE87470-A98F-3CE0-A822-E7BB16C14FF7}"
	ProjectSection(ProjectDependencies) = postProject
		{D6BA5EF8-A5B6-3B39-BC89-F8F49E5036C3} = {D6BA5EF8-A5B6-3B39-BC89-F8F49E5036C3}
	EndProjectSection
EndProject
Project("{8BC9CEB8-8B4A-11D0-8D11-00A0C91BC942}") = "Experimental", "Experimental.vcxproj", "{EEAD49E1-F929-360B-895B-C49F6D585B08}"
	ProjectSection(ProjectDependencies) = postProject
		{D6BA5EF8-A5B6-3B39-BC89-F8F49E5036C3} = {D6BA5EF8-A5B6-3B39-BC89-F8F49E5036C3}
	EndProjectSection
EndProject
Project("{8BC9CEB8-8B4A-11D0-8D11-00A0C91BC942}") = "INSTALL", "INSTALL.vcxproj", "{B97682BC-2539-33D5-9F50-B1CF04EB7B71}"
	ProjectSection(ProjectDependencies) = postProject
		{B7CA3874-159D-38E0-A179-B26576BB755B} = {B7CA3874-159D-38E0-A179-B26576BB755B}
		{D6BA5EF8-A5B6-3B39-BC89-F8F49E5036C3} = {D6BA5EF8-A5B6-3B39-BC89-F8F49E5036C3}
	EndProjectSection
EndProject
Project("{8BC9CEB8-8B4A-11D0-8D11-00A0C91BC942}") = "Nightly", "Nightly.vcxproj", "{5226C74C-4629-336D-87C0-27287B8DA2CE}"
	ProjectSection(ProjectDependencies) = postProject
		{D6BA5EF8-A5B6-3B39-BC89-F8F49E5036C3} = {D6BA5EF8-A5B6-3B39-BC89-F8F49E5036C3}
	EndProjectSection
EndProject
Project("{8BC9CEB8-8B4A-11D0-8D11-00A0C91BC942}") = "NightlyMemoryCheck", "NightlyMemoryCheck.vcxproj", "{A2FE4569-D6BB-32E8-9438-16A0E59D6FD3}"
	ProjectSection(ProjectDependencies) = postProject
		{D6BA5EF8-A5B6-3B39-BC89-F8F49E5036C3} = {D6BA5EF8-A5B6-3B39-BC89-F8F49E5036C3}
	EndProjectSection
EndProject
Project("{8BC9CEB8-8B4A-11D0-8D11-00A0C91BC942}") = "RUN_TESTS", "RUN_TESTS.vcxproj", "{BC5219F4-2895-3402-99D7-963A090C03F7}"
	ProjectSection(ProjectDependencies) = postProject
		{D6BA5EF8-A5B6-3B39-BC89-F8F49E5036C3} = {D6BA5EF8-A5B6-3B39-BC89-F8F49E5036C3}
	EndProjectSection
EndProject
Project("{8BC9CEB8-8B4A-11D0-8D11-00A0C91BC942}") = "ZERO_CHECK", "ZERO_CHECK.vcxproj", "{D6BA5EF8-A5B6-3B39-BC89-F8F49E5036C3}"
	ProjectSection(ProjectDependencies) = postProject
	EndProjectSection
EndProject
Project("{8BC9CEB8-8B4A-11D0-8D11-00A0C91BC942}") = "apinames", "tests\apinames.vcxproj", "{873344D9-4278-3302-AB7D-21811E262806}"
	ProjectSection(ProjectDependencies) = postProject
		{D6BA5EF8-A5B6-3B39-BC89-F8F49E5036C3} = {D6BA5EF8-A5B6-3B39-BC89-F8F49E5036C3}
		{ADFD8CBB-4D55-3E0A-BF05-15E709F9EE42} = {ADFD8CBB-4D55-3E0A-BF05-15E709F9EE42}
	EndProjectSection
EndProject
Project("{8BC9CEB8-8B4A-11D0-8D11-00A0C91BC942}") = "audioprobe", "tests\audioprobe.vcxproj", "{787BE0C4-D08C-3776-97DA-99B61E9FF76D}"
	ProjectSection(ProjectDependencies) = postProject
		{D6BA5EF8-A5B6-3B39-BC89-F8F49E5036C3} = {D6BA5EF8-A5B6-3B39-BC89-F8F49E5036C3}
		{ADFD8CBB-4D55-3E0A-BF05-15E709F9EE42} = {ADFD8CBB-4D55-3E0A-BF05-15E709F9EE42}
	EndProjectSection
EndProject
Project("{8BC9CEB8-8B4A-11D0-8D11-00A0C91BC942}") = "duplex", "tests\duplex.vcxproj", "{805BC5AC-BD47-3B84-9626-985840B95946}"
	ProjectSection(ProjectDependencies) = postProject
		{D6BA5EF8-A5B6-3B39-BC89-F8F49E5036C3} = {D6BA5EF8-A5B6-3B39-BC89-F8F49E5036C3}
		{ADFD8CBB-4D55-3E0A-BF05-15E709F9EE42} = {ADFD8CBB-4D55-3E0A-BF05-15E709F9EE42}
	EndProjectSection
EndProject
Project("{8BC9CEB8-8B4A-11D0-8D11-00A0C91BC942}") = "playraw", "tests\playraw.vcxproj", "{B45A435A-49FE-3002-B55F-86CD221BD8F7}"
	ProjectSection(ProjectDependencies) = postProject
		{D6BA5EF8-A5B6-3B39-BC89-F8F49E5036C3} = {D6BA5EF8-A5B6-3B39-BC89-F8F49E5036C3}
		{ADFD8CBB-4D55-3E0A-BF05-15E709F9EE42} = {ADFD8CBB-4D55-3E0A-BF05-15E709F9EE42}
	EndProjectSection
EndProject
Project("{8BC9CEB8-8B4A-11D0-8D11-00A0C91BC942}") = "playsaw", "tests\playsaw.vcxproj", "{52929065-43E0-3376-86A9-D1D96937DD13}"
	ProjectSection(ProjectDependencies) = postProject
		{D6BA5EF8-A5B6-3B39-BC89-F8F49E5036C3} = {D6BA5EF8-A5B6-3B39-BC89-F8F49E5036C3}
		{ADFD8CBB-4D55-3E0A-BF05-15E709F9EE42} = {ADFD8CBB-4D55-3E0A-BF05-15E709F9EE42}
	EndProjectSection
EndProject
Project("{8BC9CEB8-8B4A-11D0-8D11-00A0C91BC942}") = "record", "tests\record.vcxproj", "{5872D9E5-C449-327A-B090-512AC5600088}"
	ProjectSection(ProjectDependencies) = postProject
		{D6BA5EF8-A5B6-3B39-BC89-F8F49E5036C3} = {D6BA5EF8-A5B6-3B39-BC89-F8F49E5036C3}
		{ADFD8CBB-4D55-3E0A-BF05-15E709F9EE42} = {ADFD8CBB-4D55-3E0A-BF05-15E709F9EE42}
	EndProjectSection
EndProject
Project("{8BC9CEB8-8B4A-11D0-8D11-00A0C91BC942}") = "rtaudio", "rtaudio.vcxproj", "{ADFD8CBB-4D55-3E0A-BF05-15E709F9EE42}"
	ProjectSection(ProjectDependencies) = postProject
		{D6BA5EF8-A5B6-3B39-BC89-F8F49E5036C3} = {D6BA5EF8-A5B6-3B39-BC89-F8F49E5036C3}
	EndProjectSection
EndProject
Project("{8BC9CEB8-8B4A-11D0-8D11-00A0C91BC942}") = "testall", "tests\testall.vcxproj", "{69CF59BE-18F6-392E-8BA6-ACEA7772BB63}"
	ProjectSection(ProjectDependencies) = postProject
		{D6BA5EF8-A5B6-3B39-BC89-F8F49E5036C3} = {D6BA5EF8-A5B6-3B39-BC89-F8F49E5036C3}
		{ADFD8CBB-4D55-3E0A-BF05-15E709F9EE42} = {ADFD8CBB-4D55-3E0A-BF05-15E709F9EE42}
	EndProjectSection
EndProject
Project("{8BC9CEB8-8B4A-11D0-8D11-00A0C91BC942}") = "teststops", "tests\teststops.vcxproj", "{89F97BE0-A4E6-367A-AFD0-0EF84A69A8CE}"
	ProjectSection(ProjectDependencies) = postProject
		{D6BA5EF8-A5B6-3B39-BC89-F8F49E5036C3} = {D6BA5EF8-A5B6-3B39-BC89-F8F49E5036C3}
		{ADFD8CBB-4D55-3E0A-BF05-15E709F9EE42} = {ADFD8CBB-4D55-3E0A-BF05-15E709F9EE42}
	EndProjectSection
EndProject
Project("{8BC9CEB8-8B4A-11D0-8D11-00A0C91BC942}") = "uninstall", "uninstall.vcxproj", "{D42F58E2-B163-34B5-93B6-4A40217FCFC8}"
	ProjectSection(ProjectDependencies) = postProject
		{D6BA5EF8-A5B6-3B39-BC89-F8F49E5036C3} = {D6BA5EF8-A5B6-3B39-BC89-F8F49E5036C3}
	EndProjectSection
EndProject
Global
	GlobalSection(SolutionConfigurationPlatforms) = preSolution
		Debug|x64 = Debug|x64
		Release|x64 = Release|x64
		MinSizeRel|x64 = MinSizeRel|x64
		RelWithDebInfo|x64 = RelWithDebInfo|x64
	EndGlobalSection
	GlobalSection(ProjectConfigurationPlatforms) = postSolution
		{B7CA3874-159D-38E0-A179-B26576BB755B}.Debug|x64.ActiveCfg = Debug|x64
		{B7CA3874-159D-38E0-A179-B26576BB755B}.Debug|x64.Build.0 = Debug|x64
		{B7CA3874-159D-38E0-A179-B26576BB755B}.Release|x64.ActiveCfg = Release|x64
		{B7CA3874-159D-38E0-A179-B26576BB755B}.Release|x64.Build.0 = Release|x64
		{B7CA3874-159D-38E0-A179-B26576BB755B}.MinSizeRel|x64.ActiveCfg = MinSizeRel|x64
		{B7CA3874-159D-38E0-A179-B26576BB755B}.MinSizeRel|x64.Build.0 = MinSizeRel|x64
		{B7CA3874-159D-38E0-A179-B26576BB755B}.RelWithDebInfo|x64.ActiveCfg = RelWithDebInfo|x64
		{B7CA3874-159D-38E0-A179-B26576BB755B}.RelWithDebInfo|x64.Build.0 = RelWithDebInfo|x64
		{2CE87470-A98F-3CE0-A822-E7BB16C14FF7}.Debug|x64.ActiveCfg = Debug|x64
		{2CE87470-A98F-3CE0-A822-E7BB16C14FF7}.Release|x64.ActiveCfg = Release|x64
		{2CE87470-A98F-3CE0-A822-E7BB16C14FF7}.MinSizeRel|x64.ActiveCfg = MinSizeRel|x64
		{2CE87470-A98F-3CE0-A822-E7BB16C14FF7}.RelWithDebInfo|x64.ActiveCfg = RelWithDebInfo|x64
		{EEAD49E1-F929-360B-895B-C49F6D585B08}.Debug|x64.ActiveCfg = Debug|x64
		{EEAD49E1-F929-360B-895B-C49F6D585B08}.Release|x64.ActiveCfg = Release|x64
		{EEAD49E1-F929-360B-895B-C49F6D585B08}.MinSizeRel|x64.ActiveCfg = MinSizeRel|x64
		{EEAD49E1-F929-360B-895B-C49F6D585B08}.RelWithDebInfo|x64.ActiveCfg = RelWithDebInfo|x64
		{B97682BC-2539-33D5-9F50-B1CF04EB7B71}.Debug|x64.ActiveCfg = Debug|x64
		{B97682BC-2539-33D5-9F50-B1CF04EB7B71}.Release|x64.ActiveCfg = Release|x64
		{B97682BC-2539-33D5-9F50-B1CF04EB7B71}.MinSizeRel|x64.ActiveCfg = MinSizeRel|x64
		{B97682BC-2539-33D5-9F50-B1CF04EB7B71}.RelWithDebInfo|x64.ActiveCfg = RelWithDebInfo|x64
		{5226C74C-4629-336D-87C0-27287B8DA2CE}.Debug|x64.ActiveCfg = Debug|x64
		{5226C74C-4629-336D-87C0-27287B8DA2CE}.Release|x64.ActiveCfg = Release|x64
		{5226C74C-4629-336D-87C0-27287B8DA2CE}.MinSizeRel|x64.ActiveCfg = MinSizeRel|x64
		{5226C74C-4629-336D-87C0-27287B8DA2CE}.RelWithDebInfo|x64.ActiveCfg = RelWithDebInfo|x64
		{A2FE4569-D6BB-32E8-9438-16A0E59D6FD3}.Debug|x64.ActiveCfg = Debug|x64
		{A2FE4569-D6BB-32E8-9438-16A0E59D6FD3}.Release|x64.ActiveCfg = Release|x64
		{A2FE4569-D6BB-32E8-9438-16A0E59D6FD3}.MinSizeRel|x64.ActiveCfg = MinSizeRel|x64
		{A2FE4569-D6BB-32E8-9438-16A0E59D6FD3}.RelWithDebInfo|x64.ActiveCfg = RelWithDebInfo|x64
		{BC5219F4-2895-3402-99D7-963A090C03F7}.Debug|x64.ActiveCfg = Debug|x64
		{BC5219F4-2895-3402-99D7-963A090C03F7}.Release|x64.ActiveCfg = Release|x64
		{BC5219F4-2895-3402-99D7-963A090C03F7}.MinSizeRel|x64.ActiveCfg = MinSizeRel|x64
		{BC5219F4-2895-3402-99D7-963A090C03F7}.RelWithDebInfo|x64.ActiveCfg = RelWithDebInfo|x64
		{D6BA5EF8-A5B6-3B39-BC89-F8F49E5036C3}.Debug|x64.ActiveCfg = Debug|x64
		{D6BA5EF8-A5B6-3B39-BC89-F8F49E5036C3}.Debug|x64.Build.0 = Debug|x64
		{D6BA5EF8-A5B6-3B39-BC89-F8F49E5036C3}.Release|x64.ActiveCfg = Release|x64
		{D6BA5EF8-A5B6-3B39-BC89-F8F49E5036C3}.Release|x64.Build.0 = Release|x64
		{D6BA5EF8-A5B6-3B39-BC89-F8F49E5036C3}.MinSizeRel|x64.ActiveCfg = MinSizeRel|x64
		{D6BA5EF8-A5B6-3B39-BC89-F8F49E5036C3}.MinSizeRel|x64.Build.0 = MinSizeRel|x64
		{D6BA5EF8-A5B6-3B39-BC89-F8F49E5036C3}.RelWithDebInfo|x64.ActiveCfg = RelWithDebInfo|x64
		{D6BA5EF8-A5B6-3B39-BC89-F8F49E5036C3}.RelWithDebInfo|x64.Build.0 = RelWithDebInfo|x64
		{873344D9-4278-3302-AB7D-21811E262806}.Debug|x64.ActiveCfg = Debug|x64
		{873344D9-4278-3302-AB7D-21811E262806}.Debug|x64.Build.0 = Debug|x64
		{873344D9-4278-3302-AB7D-21811E262806}.Release|x64.ActiveCfg = Release|x64
		{873344D9-4278-3302-AB7D-21811E262806}.Release|x64.Build.0 = Release|x64
		{873344D9-4278-3302-AB7D-21811E262806}.MinSizeRel|x64.ActiveCfg = MinSizeRel|x64
		{873344D9-4278-3302-AB7D-21811E262806}.MinSizeRel|x64.Build.0 = MinSizeRel|x64
		{873344D9-4278-3302-AB7D-21811E262806}.RelWithDebInfo|x64.ActiveCfg = RelWithDebInfo|x64
		{873344D9-4278-3302-AB7D-21811E262806}.RelWithDebInfo|x64.Build.0 = RelWithDebInfo|x64
		{787BE0C4-D08C-3776-97DA-99B61E9FF76D}.Debug|x64.ActiveCfg = Debug|x64
		{787BE0C4-D08C-3776-97DA-99B61E9FF76D}.Debug|x64.Build.0 = Debug|x64
		{787BE0C4-D08C-3776-97DA-99B61E9FF76D}.Release|x64.ActiveCfg = Release|x64
		{787BE0C4-D08C-3776-97DA-99B61E9FF76D}.Release|x64.Build.0 = Release|x64
		{787BE0C4-D08C-3776-97DA-99B61E9FF76D}.MinSizeRel|x64.ActiveCfg = MinSizeRel|x64
		{787BE0C4-D08C-3776-97DA-99B61E9FF76D}.MinSizeRel|x64.Build.0 = MinSizeRel|x64
		{787BE0C4-D08C-3776-97DA-99B61E9FF76D}.RelWithDebInfo|x64.ActiveCfg = RelWithDebInfo|x64
		{787BE0C4-D08C-3776-97DA-99B61E9FF76D}.RelWithDebInfo|x64.Build.0 = RelWithDebInfo|x64
		{805BC5AC-BD47-3B84-9626-985840B95946}.Debug|x64.ActiveCfg = Debug|x64
		{805BC5AC-BD47-3B84-9626-985840B95946}.Debug|x64.Build.0 = Debug|x64
		{805BC5AC-BD47-3B84-9626-985840B95946}.Release|x64.ActiveCfg = Release|x64
		{805BC5AC-BD47-3B84-9626-985840B95946}.Release|x64.Build.0 = Release|x64
		{805BC5AC-BD47-3B84-9626-985840B95946}.MinSizeRel|x64.ActiveCfg = MinSizeRel|x64
		{805BC5AC-BD47-3B84-9626-985840B95946}.MinSizeRel|x64.Build.0 = MinSizeRel|x64
		{805BC5AC-BD47-3B84-9626-985840B95946}.RelWithDebInfo|x64.ActiveCfg = RelWithDebInfo|x64
		{805BC5AC-BD47-3B84-9626-985840B95946}.RelWithDebInfo|x64.Build.0 = RelWithDebInfo|x64
		{B45A435A-49FE-3002-B55F-86CD221BD8F7}.Debug|x64.ActiveCfg = Debug|x64
		{B45A435A-49FE-3002-B55F-86CD221BD8F7}.Debug|x64.Build.0 = Debug|x64
		{B45A435A-49FE-3002-B55F-86CD221BD8F7}.Release|x64.ActiveCfg = Release|x64
		{B45A435A-49FE-3002-B55F-86CD221BD8F7}.Release|x64.Build.0 = Release|x64
		{B45A435A-49FE-3002-B55F-86CD221BD8F7}.MinSizeRel|x64.ActiveCfg = MinSizeRel|x64
		{B45A435A-49FE-3002-B55F-86CD221BD8F7}.MinSizeRel|x64.Build.0 = MinSizeRel|x64
		{B45A435A-49FE-3002-B55F-86CD221BD8F7}.RelWithDebInfo|x64.ActiveCfg = RelWithDebInfo|x64
		{B45A435A-49FE-3002-B55F-86CD221BD8F7}.RelWithDebInfo|x64.Build.0 = RelWithDebInfo|x64
		{52929065-43E0-3376-86A9-D1D96937DD13}.Debug|x64.ActiveCfg = Debug|x64
		{52929065-43E0-3376-86A9-D1D96937DD13}.Debug|x64.Build.0 = Debug|x64
		{52929065-43E0-3376-86A9-D1D96937DD13}.Release|x64.ActiveCfg = Release|x64
		{52929065-43E0-3376-86A9-D1D96937DD13}.Release|x64.Build.0 = Release|x64
		{52929065-43E0-3376-86A9-D1D96937DD13}.MinSizeRel|x64.ActiveCfg = MinSizeRel|x64
		{52929065-43E0-3376-86A9-D1D96937DD13}.MinSizeRel|x64.Build.0 = MinSizeRel|x64
		{52929065-43E0-3376-86A9-D1D96937DD13}.RelWithDebInfo|x64.ActiveCfg = RelWithDebInfo|x64
		{52929065-43E0-3376-86A9-D1D96937DD13}.RelWithDebInfo|x64.Build.0 = RelWithDebInfo|x64
		{5872D9E5-C449-327A-B090-512AC5600088}.Debug|x64.ActiveCfg = Debug|x64
		{5872D9E5-C449-327A-B090-512AC5600088}.Debug|x64.Build.0 = Debug|x64
		{5872D9E5-C449-327A-B090-512AC5600088}.Release|x64.ActiveCfg = Release|x64
		{5872D9E5-C449-327A-B090-512AC5600088}.Release|x64.Build.0 = Release|x64
		{5872D9E5-C449-327A-B090-512AC5600088}.MinSizeRel|x64.ActiveCfg = MinSizeRel|x64
		{5872D9E5-C449-327A-B090-512AC5600088}.MinSizeRel|x64.Build.0 = MinSizeRel|x64
		{5872D9E5-C449-327A-B090-512AC5600088}.RelWithDebInfo|x64.ActiveCfg = RelWithDebInfo|x64
		{5872D9E5-C449-327A-B090-512AC5600088}.RelWithDebInfo|x64.Build.0 = RelWithDebInfo|x64
		{ADFD8CBB-4D55-3E0A-BF05-15E709F9EE42}.Debug|x64.ActiveCfg = Debug|x64
		{ADFD8CBB-4D55-3E0A-BF05-15E709F9EE42}.Debug|x64.Build.0 = Debug|x64
		{ADFD8CBB-4D55-3E0A-BF05-15E709F9EE42}.Release|x64.ActiveCfg = Release|x64
		{ADFD8CBB-4D55-3E0A-BF05-15E709F9EE42}.Release|x64.Build.0 = Release|x64
		{ADFD8CBB-4D55-3E0A-BF05-15E709F9EE42}.MinSizeRel|x64.ActiveCfg = MinSizeRel|x64
		{ADFD8CBB-4D55-3E0A-BF05-15E709F9EE42}.MinSizeRel|x64.Build.0 = MinSizeRel|x64
		{ADFD8CBB-4D55-3E0A-BF05-15E709F9EE42}.RelWithDebInfo|x64.ActiveCfg = RelWithDebInfo|x64
		{ADFD8CBB-4D55-3E0A-BF05-15E709F9EE42}.RelWithDebInfo|x64.Build.0 = RelWithDebInfo|x64
		{69CF59BE-18F6-392E-8BA6-ACEA7772BB63}.Debug|x64.ActiveCfg = Debug|x64
		{69CF59BE-18F6-392E-8BA6-ACEA7772BB63}.Debug|x64.Build.0 = Debug|x64
		{69CF59BE-18F6-392E-8BA6-ACEA7772BB63}.Release|x64.ActiveCfg = Release|x64
		{69CF59BE-18F6-392E-8BA6-ACEA7772BB63}.Release|x64.Build.0 = Release|x64
		{69CF59BE-18F6-392E-8BA6-ACEA7772BB63}.MinSizeRel|x64.ActiveCfg = MinSizeRel|x64
		{69CF59BE-18F6-392E-8BA6-ACEA7772BB63}.MinSizeRel|x64.Build.0 = MinSizeRel|x64
		{69CF59BE-18F6-392E-8BA6-ACEA7772BB63}.RelWithDebInfo|x64.ActiveCfg = RelWithDebInfo|x64
		{69CF59BE-18F6-392E-8BA6-ACEA7772BB63}.RelWithDebInfo|x64.Build.0 = RelWithDebInfo|x64
		{89F97BE0-A4E6-367A-AFD0-0EF84A69A8CE}.Debug|x64.ActiveCfg = Debug|x64
		{89F97BE0-A4E6-367A-AFD0-0EF84A69A8CE}.Debug|x64.Build.0 = Debug|x64
		{89F97BE0-A4E6-367A-AFD0-0EF84A69A8CE}.Release|x64.ActiveCfg = Release|x64
		{89F97BE0-A4E6-367A-AFD0-0EF84A69A8CE}.Release|x64.Build.0 = Release|x64
		{89F97BE0-A4E6-367A-AFD0-0EF84A69A8CE}.MinSizeRel|x64.ActiveCfg = MinSizeRel|x64
		{89F97BE0-A4E6-367A-AFD0-0EF84A69A8CE}.MinSizeRel|x64.Build.0 = MinSizeRel|x64
		{89F97BE0-A4E6-367A-AFD0-0EF84A69A8CE}.RelWithDebInfo|x64.ActiveCfg = RelWithDebInfo|x64
		{89F97BE0-A4E6-367A-AFD0-0EF84A69A8CE}.RelWithDebInfo|x64.Build.0 = RelWithDebInfo|x64
		{D42F58E2-B163-34B5-93B6-4A40217FCFC8}.Debug|x64.ActiveCfg = Debug|x64
		{D42F58E2-B163-34B5-93B6-4A40217FCFC8}.Release|x64.ActiveCfg = Release|x64
		{D42F58E2-B163-34B5-93B6-4A40217FCFC8}.MinSizeRel|x64.ActiveCfg = MinSizeRel|x64
		{D42F58E2-B163-34B5-93B6-4A40217FCFC8}.RelWithDebInfo|x64.ActiveCfg = RelWithDebInfo|x64
	EndGlobalSection
	GlobalSection(ExtensibilityGlobals) = postSolution
		SolutionGuid = {2C4D3FBC-1D8B-3B71-89B8-1AE932F3E136}
	EndGlobalSection
	GlobalSection(ExtensibilityAddIns) = postSolution
	EndGlobalSection
EndGlobal
