<?xml version="1.0" encoding="utf-8"?>
<Project ToolsVersion="16.0" xmlns="http://schemas.microsoft.com/developer/msbuild/2003">
  <ItemGroup>
    <ClCompile Include="D:\Audio\rtaudio-5.1.0\tests\playraw.cpp">
      <Filter>Source Files</Filter>
    </ClCompile>
  </ItemGroup>
  <ItemGroup>
    <CustomBuild Include="D:\Audio\rtaudio-5.1.0\tests\CMakeLists.txt" />
  </ItemGroup>
  <ItemGroup>
    <Filter Include="Source Files">
      <UniqueIdentifier>{DE0BCFA6-A092-37B6-B6F1-DB506B4A25E8}</UniqueIdentifier>
    </Filter>
  </ItemGroup>
</Project>
