<?xml version="1.0" encoding="utf-8"?>
<Project ToolsVersion="16.0" xmlns="http://schemas.microsoft.com/developer/msbuild/2003">
  <ItemGroup>
    <CustomBuild Include="D:\Audio\rtaudio-5.1.0\windowsBuild\CMakeFiles\77aea85ffc17e5123282fb2c799fdee0\RUN_TESTS_force.rule">
      <Filter>CMake Rules</Filter>
    </CustomBuild>
  </ItemGroup>
  <ItemGroup>
    <Filter Include="CMake Rules">
      <UniqueIdentifier>{31DC246B-B57A-35F1-95B1-423869D741AA}</UniqueIdentifier>
    </Filter>
  </ItemGroup>
</Project>
